
Microsoft Visual Studio Solution File, Format Version 12.00
# Visual Studio 2013
VisualStudioVersion = 12.0.31101.0
MinimumVisualStudioVersion = 10.0.40219.1
Project("{E24C65DC-7377-472B-9ABA-BC803B73C61A}") = "Web", "Web", "{F32FA9C3-7B83-4B2E-B178-73CE188318F8}"
	ProjectSection(WebsiteProperties) = preProject
		SccProjectName = "SAK"
		SccAuxPath = "SAK"
		SccLocalPath = "SAK"
		SccProvider = "SAK"
		TargetFrameworkMoniker = ".NETFramework,Version%3Dv4.0"
		ProjectReferences = "{BBF29D41-B55C-40B2-9428-40C340E403E5}|Nexus.Core.dll;{EE34702E-92C2-4812-B77E-4122A135A416}|e2Tech.Data.dll;{B09D61BA-1A80-48BD-945F-75E7E6C57422}|Nexus.Core.Libraries.dll;"
		Debug.AspNetCompiler.VirtualPath = "/Web"
		Debug.AspNetCompiler.PhysicalPath = "Web\"
		Debug.AspNetCompiler.TargetPath = "PrecompiledWeb\Web\"
		Debug.AspNetCompiler.Updateable = "true"
		Debug.AspNetCompiler.ForceOverwrite = "true"
		Debug.AspNetCompiler.FixedNames = "false"
		Debug.AspNetCompiler.Debug = "True"
		Release.AspNetCompiler.VirtualPath = "/Web"
		Release.AspNetCompiler.PhysicalPath = "Web\"
		Release.AspNetCompiler.TargetPath = "PrecompiledWeb\Web\"
		Release.AspNetCompiler.Updateable = "true"
		Release.AspNetCompiler.ForceOverwrite = "true"
		Release.AspNetCompiler.FixedNames = "false"
		Release.AspNetCompiler.Debug = "False"
		VWDPort = "50525"
		SlnRelativePath = "Web\"
	EndProjectSection
	ProjectSection(ProjectDependencies) = postProject
		{BBF29D41-B55C-40B2-9428-40C340E403E5} = {BBF29D41-B55C-40B2-9428-40C340E403E5}
		{B09D61BA-1A80-48BD-945F-75E7E6C57422} = {B09D61BA-1A80-48BD-945F-75E7E6C57422}
		{E4974FC9-AFC8-4187-9499-E86358ADE6D3} = {E4974FC9-AFC8-4187-9499-E86358ADE6D3}
	EndProjectSection
EndProject
Project("{FAE04EC0-301F-11D3-BF4B-00C04F79EFBC}") = "NexusCore", "NexusCore\NexusCore.csproj", "{BBF29D41-B55C-40B2-9428-40C340E403E5}"
	ProjectSection(ProjectDependencies) = postProject
		{EE34702E-92C2-4812-B77E-4122A135A416} = {EE34702E-92C2-4812-B77E-4122A135A416}
		{B09D61BA-1A80-48BD-945F-75E7E6C57422} = {B09D61BA-1A80-48BD-945F-75E7E6C57422}
		{E4974FC9-AFC8-4187-9499-E86358ADE6D3} = {E4974FC9-AFC8-4187-9499-E86358ADE6D3}
	EndProjectSection
EndProject
Project("{FAE04EC0-301F-11D3-BF4B-00C04F79EFBC}") = "MySQL_Provider", "DataProvider2009\MySQL_Provider.csproj", "{EE34702E-92C2-4812-B77E-4122A135A416}"
EndProject
Project("{FAE04EC0-301F-11D3-BF4B-00C04F79EFBC}") = "NexusCore_Lib", "NexusCore_Lib\NexusCore_Lib.csproj", "{B09D61BA-1A80-48BD-945F-75E7E6C57422}"
EndProject
Project("{FAE04EC0-301F-11D3-BF4B-00C04F79EFBC}") = "Security", "Security\Security.csproj", "{E4974FC9-AFC8-4187-9499-E86358ADE6D3}"
	ProjectSection(ProjectDependencies) = postProject
		{EE34702E-92C2-4812-B77E-4122A135A416} = {EE34702E-92C2-4812-B77E-4122A135A416}
	EndProjectSection
EndProject
Project("{E24C65DC-7377-472B-9ABA-BC803B73C61A}") = "UI", "UI", "{D0304433-C82F-431D-AEC2-9490D4BABE4A}"
	ProjectSection(WebsiteProperties) = preProject
		SccProjectName = "SAK"
		SccAuxPath = "SAK"
		SccLocalPath = "SAK"
		SccProvider = "SAK"
		TargetFrameworkMoniker = ".NETFramework,Version%3Dv4.0"
		Debug.AspNetCompiler.VirtualPath = "/UI"
		Debug.AspNetCompiler.PhysicalPath = "UI\"
		Debug.AspNetCompiler.TargetPath = "PrecompiledWeb\UI\"
		Debug.AspNetCompiler.Updateable = "true"
		Debug.AspNetCompiler.ForceOverwrite = "true"
		Debug.AspNetCompiler.FixedNames = "false"
		Debug.AspNetCompiler.Debug = "True"
		Release.AspNetCompiler.VirtualPath = "/UI"
		Release.AspNetCompiler.PhysicalPath = "UI\"
		Release.AspNetCompiler.TargetPath = "PrecompiledWeb\UI\"
		Release.AspNetCompiler.Updateable = "true"
		Release.AspNetCompiler.ForceOverwrite = "true"
		Release.AspNetCompiler.FixedNames = "false"
		Release.AspNetCompiler.Debug = "False"
		VWDPort = "8242"
		SlnRelativePath = "UI\"
		DefaultWebSiteLanguage = "Visual C#"
	EndProjectSection
EndProject
Global
	GlobalSection(TeamFoundationVersionControl) = preSolution
		SccNumberOfProjects = 7
		SccEnterpriseProvider = {4CA58AB2-18FA-4F8D-95D4-32DDF27D184C}
		SccTeamFoundationServer = https://nexuscore.visualstudio.com/defaultcollection
		SccLocalPath0 = .
		SccProjectUniqueName1 = DataProvider2009\\MySQL_Provider.csproj
		SccProjectName1 = DataProvider2009
		SccLocalPath1 = DataProvider2009
		SccProjectUniqueName2 = NexusCore\\NexusCore.csproj
		SccProjectName2 = NexusCore
		SccLocalPath2 = NexusCore
		SccProjectUniqueName3 = NexusCore_Lib\\NexusCore_Lib.csproj
		SccProjectName3 = NexusCore_Lib
		SccLocalPath3 = NexusCore_Lib
		SccProjectUniqueName4 = Security\\Security.csproj
		SccProjectName4 = Security
		SccLocalPath4 = Security
		SccWebProject5 = true
		SccProjectUniqueName5 = UI
		SccProjectName5 = UI
		SccLocalPath5 = UI
		SccProjectEnlistmentChoice5 = 2
		SccWebProject6 = true
		SccProjectUniqueName6 = Web
		SccProjectName6 = Web
		SccLocalPath6 = Web
		SccProjectEnlistmentChoice6 = 2
	EndGlobalSection
	GlobalSection(SolutionConfigurationPlatforms) = preSolution
		Debug|.NET = Debug|.NET
		Debug|Any CPU = Debug|Any CPU
		Debug|Mixed Platforms = Debug|Mixed Platforms
		Release|.NET = Release|.NET
		Release|Any CPU = Release|Any CPU
		Release|Mixed Platforms = Release|Mixed Platforms
	EndGlobalSection
	GlobalSection(ProjectConfigurationPlatforms) = postSolution
		{F32FA9C3-7B83-4B2E-B178-73CE188318F8}.Debug|.NET.ActiveCfg = Debug|Any CPU
		{F32FA9C3-7B83-4B2E-B178-73CE188318F8}.Debug|Any CPU.ActiveCfg = Debug|Any CPU
		{F32FA9C3-7B83-4B2E-B178-73CE188318F8}.Debug|Any CPU.Build.0 = Debug|Any CPU
		{F32FA9C3-7B83-4B2E-B178-73CE188318F8}.Debug|Mixed Platforms.ActiveCfg = Debug|Any CPU
		{F32FA9C3-7B83-4B2E-B178-73CE188318F8}.Debug|Mixed Platforms.Build.0 = Debug|Any CPU
		{F32FA9C3-7B83-4B2E-B178-73CE188318F8}.Release|.NET.ActiveCfg = Debug|Any CPU
		{F32FA9C3-7B83-4B2E-B178-73CE188318F8}.Release|Any CPU.ActiveCfg = Debug|Any CPU
		{F32FA9C3-7B83-4B2E-B178-73CE188318F8}.Release|Any CPU.Build.0 = Debug|Any CPU
		{F32FA9C3-7B83-4B2E-B178-73CE188318F8}.Release|Mixed Platforms.ActiveCfg = Debug|Any CPU
		{F32FA9C3-7B83-4B2E-B178-73CE188318F8}.Release|Mixed Platforms.Build.0 = Debug|Any CPU
		{BBF29D41-B55C-40B2-9428-40C340E403E5}.Debug|.NET.ActiveCfg = Debug|Any CPU
		{BBF29D41-B55C-40B2-9428-40C340E403E5}.Debug|Any CPU.ActiveCfg = Debug|Any CPU
		{BBF29D41-B55C-40B2-9428-40C340E403E5}.Debug|Any CPU.Build.0 = Debug|Any CPU
		{BBF29D41-B55C-40B2-9428-40C340E403E5}.Debug|Mixed Platforms.ActiveCfg = Debug|Any CPU
		{BBF29D41-B55C-40B2-9428-40C340E403E5}.Debug|Mixed Platforms.Build.0 = Debug|Any CPU
		{BBF29D41-B55C-40B2-9428-40C340E403E5}.Release|.NET.ActiveCfg = Release|Any CPU
		{BBF29D41-B55C-40B2-9428-40C340E403E5}.Release|Any CPU.ActiveCfg = Release|Any CPU
		{BBF29D41-B55C-40B2-9428-40C340E403E5}.Release|Any CPU.Build.0 = Release|Any CPU
		{BBF29D41-B55C-40B2-9428-40C340E403E5}.Release|Mixed Platforms.ActiveCfg = Release|Any CPU
		{BBF29D41-B55C-40B2-9428-40C340E403E5}.Release|Mixed Platforms.Build.0 = Release|Any CPU
		{EE34702E-92C2-4812-B77E-4122A135A416}.Debug|.NET.ActiveCfg = Debug|Any CPU
		{EE34702E-92C2-4812-B77E-4122A135A416}.Debug|Any CPU.ActiveCfg = Debug|Any CPU
		{EE34702E-92C2-4812-B77E-4122A135A416}.Debug|Any CPU.Build.0 = Debug|Any CPU
		{EE34702E-92C2-4812-B77E-4122A135A416}.Debug|Mixed Platforms.ActiveCfg = Debug|Any CPU
		{EE34702E-92C2-4812-B77E-4122A135A416}.Debug|Mixed Platforms.Build.0 = Debug|Any CPU
		{EE34702E-92C2-4812-B77E-4122A135A416}.Release|.NET.ActiveCfg = Release|Any CPU
		{EE34702E-92C2-4812-B77E-4122A135A416}.Release|Any CPU.ActiveCfg = Release|Any CPU
		{EE34702E-92C2-4812-B77E-4122A135A416}.Release|Any CPU.Build.0 = Release|Any CPU
		{EE34702E-92C2-4812-B77E-4122A135A416}.Release|Mixed Platforms.ActiveCfg = Release|Any CPU
		{EE34702E-92C2-4812-B77E-4122A135A416}.Release|Mixed Platforms.Build.0 = Release|Any CPU
		{B09D61BA-1A80-48BD-945F-75E7E6C57422}.Debug|.NET.ActiveCfg = Debug|Any CPU
		{B09D61BA-1A80-48BD-945F-75E7E6C57422}.Debug|Any CPU.ActiveCfg = Debug|Any CPU
		{B09D61BA-1A80-48BD-945F-75E7E6C57422}.Debug|Any CPU.Build.0 = Debug|Any CPU
		{B09D61BA-1A80-48BD-945F-75E7E6C57422}.Debug|Mixed Platforms.ActiveCfg = Debug|Any CPU
		{B09D61BA-1A80-48BD-945F-75E7E6C57422}.Debug|Mixed Platforms.Build.0 = Debug|Any CPU
		{B09D61BA-1A80-48BD-945F-75E7E6C57422}.Release|.NET.ActiveCfg = Release|Any CPU
		{B09D61BA-1A80-48BD-945F-75E7E6C57422}.Release|Any CPU.ActiveCfg = Release|Any CPU
		{B09D61BA-1A80-48BD-945F-75E7E6C57422}.Release|Any CPU.Build.0 = Release|Any CPU
		{B09D61BA-1A80-48BD-945F-75E7E6C57422}.Release|Mixed Platforms.ActiveCfg = Release|Any CPU
		{B09D61BA-1A80-48BD-945F-75E7E6C57422}.Release|Mixed Platforms.Build.0 = Release|Any CPU
		{E4974FC9-AFC8-4187-9499-E86358ADE6D3}.Debug|.NET.ActiveCfg = Debug|Any CPU
		{E4974FC9-AFC8-4187-9499-E86358ADE6D3}.Debug|Any CPU.ActiveCfg = Debug|Any CPU
		{E4974FC9-AFC8-4187-9499-E86358ADE6D3}.Debug|Any CPU.Build.0 = Debug|Any CPU
		{E4974FC9-AFC8-4187-9499-E86358ADE6D3}.Debug|Mixed Platforms.ActiveCfg = Debug|Any CPU
		{E4974FC9-AFC8-4187-9499-E86358ADE6D3}.Debug|Mixed Platforms.Build.0 = Debug|Any CPU
		{E4974FC9-AFC8-4187-9499-E86358ADE6D3}.Release|.NET.ActiveCfg = Release|Any CPU
		{E4974FC9-AFC8-4187-9499-E86358ADE6D3}.Release|Any CPU.ActiveCfg = Release|Any CPU
		{E4974FC9-AFC8-4187-9499-E86358ADE6D3}.Release|Any CPU.Build.0 = Release|Any CPU
		{E4974FC9-AFC8-4187-9499-E86358ADE6D3}.Release|Mixed Platforms.ActiveCfg = Release|Any CPU
		{E4974FC9-AFC8-4187-9499-E86358ADE6D3}.Release|Mixed Platforms.Build.0 = Release|Any CPU
		{D0304433-C82F-431D-AEC2-9490D4BABE4A}.Debug|.NET.ActiveCfg = Debug|Any CPU
		{D0304433-C82F-431D-AEC2-9490D4BABE4A}.Debug|Any CPU.ActiveCfg = Debug|Any CPU
		{D0304433-C82F-431D-AEC2-9490D4BABE4A}.Debug|Any CPU.Build.0 = Debug|Any CPU
		{D0304433-C82F-431D-AEC2-9490D4BABE4A}.Debug|Mixed Platforms.ActiveCfg = Debug|Any CPU
		{D0304433-C82F-431D-AEC2-9490D4BABE4A}.Debug|Mixed Platforms.Build.0 = Debug|Any CPU
		{D0304433-C82F-431D-AEC2-9490D4BABE4A}.Release|.NET.ActiveCfg = Debug|Any CPU
		{D0304433-C82F-431D-AEC2-9490D4BABE4A}.Release|Any CPU.ActiveCfg = Debug|Any CPU
		{D0304433-C82F-431D-AEC2-9490D4BABE4A}.Release|Any CPU.Build.0 = Debug|Any CPU
		{D0304433-C82F-431D-AEC2-9490D4BABE4A}.Release|Mixed Platforms.ActiveCfg = Debug|Any CPU
		{D0304433-C82F-431D-AEC2-9490D4BABE4A}.Release|Mixed Platforms.Build.0 = Debug|Any CPU
	EndGlobalSection
	GlobalSection(SolutionProperties) = preSolution
		HideSolutionNode = FALSE
	EndGlobalSection
EndGlobal
