
Microsoft Visual Studio Solution File, Format Version 11.00
# Visual Studio 2010
Project("{FAE04EC0-301F-11D3-BF4B-00C04F79EFBC}") = "Control_Navigation_Lib", "Lib\Control_Navigation_Lib.csproj", "{C9021053-8811-400E-8C41-B5FC9E8E3B40}"
EndProject
Project("{E24C65DC-7377-472B-9ABA-BC803B73C61A}") = "Web", "Web\", "{D91A9F17-8C0E-481E-A5DA-21A759BB632A}"
	ProjectSection(WebsiteProperties) = preProject
		TargetFrameworkMoniker = ".NETFramework,Version%3Dv4.0"
		Debug.AspNetCompiler.VirtualPath = "/Web"
		Debug.AspNetCompiler.PhysicalPath = "Web\"
		Debug.AspNetCompiler.TargetPath = "PrecompiledWeb\Web\"
		Debug.AspNetCompiler.Updateable = "true"
		Debug.AspNetCompiler.ForceOverwrite = "true"
		Debug.AspNetCompiler.FixedNames = "false"
		Debug.AspNetCompiler.Debug = "True"
		Release.AspNetCompiler.VirtualPath = "/Web"
		Release.AspNetCompiler.PhysicalPath = "Web\"
		Release.AspNetCompiler.TargetPath = "PrecompiledWeb\Web\"
		Release.AspNetCompiler.Updateable = "true"
		Release.AspNetCompiler.ForceOverwrite = "true"
		Release.AspNetCompiler.FixedNames = "false"
		Release.AspNetCompiler.Debug = "False"
		VWDPort = "3398"
	EndProjectSection
EndProject
Global
	GlobalSection(SolutionConfigurationPlatforms) = preSolution
		Debug|Any CPU = Debug|Any CPU
		Release|Any CPU = Release|Any CPU
	EndGlobalSection
	GlobalSection(ProjectConfigurationPlatforms) = postSolution
		{C9021053-8811-400E-8C41-B5FC9E8E3B40}.Debug|Any CPU.ActiveCfg = Debug|Any CPU
		{C9021053-8811-400E-8C41-B5FC9E8E3B40}.Debug|Any CPU.Build.0 = Debug|Any CPU
		{C9021053-8811-400E-8C41-B5FC9E8E3B40}.Release|Any CPU.ActiveCfg = Release|Any CPU
		{C9021053-8811-400E-8C41-B5FC9E8E3B40}.Release|Any CPU.Build.0 = Release|Any CPU
		{D91A9F17-8C0E-481E-A5DA-21A759BB632A}.Debug|Any CPU.ActiveCfg = Debug|Any CPU
		{D91A9F17-8C0E-481E-A5DA-21A759BB632A}.Debug|Any CPU.Build.0 = Debug|Any CPU
		{D91A9F17-8C0E-481E-A5DA-21A759BB632A}.Release|Any CPU.ActiveCfg = Debug|Any CPU
		{D91A9F17-8C0E-481E-A5DA-21A759BB632A}.Release|Any CPU.Build.0 = Debug|Any CPU
	EndGlobalSection
	GlobalSection(SolutionProperties) = preSolution
		HideSolutionNode = FALSE
	EndGlobalSection
EndGlobal
